
Microsoft Visual Studio Solution File, Format Version 12.00
# Visual Studio Version 16
VisualStudioVersion = 16.0.31205.134
MinimumVisualStudioVersion = 10.0.40219.1
Project("{FAE04EC0-301F-11D3-BF4B-00C04F79EFBC}") = "Proyecto", "Proyecto.csproj", "{1E5781EE-1735-4506-80DE-30E7FE7930FF}"
EndProject
Global
	GlobalSection(SolutionConfigurationPlatforms) = preSolution
		Debug|Any CPU = Debug|Any CPU
		Release|Any CPU = Release|Any CPU
	EndGlobalSection
	GlobalSection(ProjectConfigurationPlatforms) = postSolution
		{1E5781EE-1735-4506-80DE-30E7FE7930FF}.Debug|Any CPU.ActiveCfg = Debug|Any CPU
		{1E5781EE-1735-4506-80DE-30E7FE7930FF}.Debug|Any CPU.Build.0 = Debug|Any CPU
		{1E5781EE-1735-4506-80DE-30E7FE7930FF}.Release|Any CPU.ActiveCfg = Release|Any CPU
		{1E5781EE-1735-4506-80DE-30E7FE7930FF}.Release|Any CPU.Build.0 = Release|Any CPU
	EndGlobalSection
	GlobalSection(SolutionProperties) = preSolution
		HideSolutionNode = FALSE
	EndGlobalSection
	GlobalSection(ExtensibilityGlobals) = postSolution
		SolutionGuid = {EB28B093-151F-401E-83AD-CD72BAB01800}
	EndGlobalSection
EndGlobal
